// !$*UTF8*$!
{
	archiveVersion = 1;
	classes = {
	};
	objectVersion = 50;
	objects = {

/* Begin PBXBuildFile section */
		861A7A602505C128000AFADA /* Double+Additions.swift in Sources */ = {isa = PBXBuildFile; fileRef = 861A7A5F2505C128000AFADA /* Double+Additions.swift */; };
		861A7A632505C243000AFADA /* Date+Additions.swift in Sources */ = {isa = PBXBuildFile; fileRef = 861A7A622505C243000AFADA /* Date+Additions.swift */; };
		861C54752507056500380DE5 /* Coordinator.swift in Sources */ = {isa = PBXBuildFile; fileRef = 861C54742507056500380DE5 /* Coordinator.swift */; };
		861C5477250705D800380DE5 /* Storyboarded.swift in Sources */ = {isa = PBXBuildFile; fileRef = 861C5476250705D800380DE5 /* Storyboarded.swift */; };
		861C5479250710AF00380DE5 /* MainCoordinator.swift in Sources */ = {isa = PBXBuildFile; fileRef = 861C5478250710AF00380DE5 /* MainCoordinator.swift */; };
		861C547D2507150B00380DE5 /* PostDetailViewController.swift in Sources */ = {isa = PBXBuildFile; fileRef = 861C547C2507150B00380DE5 /* PostDetailViewController.swift */; };
		8637EE742504010D00D778F2 /* PostTableViewCell.swift in Sources */ = {isa = PBXBuildFile; fileRef = 8637EE722504010D00D778F2 /* PostTableViewCell.swift */; };
		8637EE752504010D00D778F2 /* PostTableViewCell.xib in Resources */ = {isa = PBXBuildFile; fileRef = 8637EE732504010D00D778F2 /* PostTableViewCell.xib */; };
		8637EE772504392F00D778F2 /* ImageFetcher.swift in Sources */ = {isa = PBXBuildFile; fileRef = 8637EE762504392F00D778F2 /* ImageFetcher.swift */; };
		863F74402507FFAF001E69FC /* PostDetailPresenter.swift in Sources */ = {isa = PBXBuildFile; fileRef = 863F743F2507FFAF001E69FC /* PostDetailPresenter.swift */; };
		863FFB4C25081E860020AE54 /* String+Additions.swift in Sources */ = {isa = PBXBuildFile; fileRef = 863FFB4B25081E860020AE54 /* String+Additions.swift */; };
		863FFB4E25081F810020AE54 /* PostImage.swift in Sources */ = {isa = PBXBuildFile; fileRef = 863FFB4D25081F810020AE54 /* PostImage.swift */; };
		863FFB5025082BDF0020AE54 /* PostDetailView.swift in Sources */ = {isa = PBXBuildFile; fileRef = 863FFB4F25082BDF0020AE54 /* PostDetailView.swift */; };
		863FFB5425083C1C0020AE54 /* SplitCoordinator.swift in Sources */ = {isa = PBXBuildFile; fileRef = 863FFB5325083C1C0020AE54 /* SplitCoordinator.swift */; };
		863FFB5625083DC90020AE54 /* SplitMainCoordinator.swift in Sources */ = {isa = PBXBuildFile; fileRef = 863FFB5525083DC90020AE54 /* SplitMainCoordinator.swift */; };
		8657C9BE2503F368009AE4B0 /* HomeView.swift in Sources */ = {isa = PBXBuildFile; fileRef = 8657C9BD2503F368009AE4B0 /* HomeView.swift */; };
		86B5955B2503DDD000041D1B /* AppDelegate.swift in Sources */ = {isa = PBXBuildFile; fileRef = 86B5955A2503DDD000041D1B /* AppDelegate.swift */; };
		86B5955D2503DDD000041D1B /* SceneDelegate.swift in Sources */ = {isa = PBXBuildFile; fileRef = 86B5955C2503DDD000041D1B /* SceneDelegate.swift */; };
		86B5955F2503DDD000041D1B /* HomeViewController.swift in Sources */ = {isa = PBXBuildFile; fileRef = 86B5955E2503DDD000041D1B /* HomeViewController.swift */; };
		86B595622503DDD000041D1B /* Main.storyboard in Resources */ = {isa = PBXBuildFile; fileRef = 86B595602503DDD000041D1B /* Main.storyboard */; };
		86B595652503DDD000041D1B /* RedditMate.xcdatamodeld in Sources */ = {isa = PBXBuildFile; fileRef = 86B595632503DDD000041D1B /* RedditMate.xcdatamodeld */; };
		86B595672503DDD100041D1B /* Assets.xcassets in Resources */ = {isa = PBXBuildFile; fileRef = 86B595662503DDD100041D1B /* Assets.xcassets */; };
		86B5956A2503DDD100041D1B /* LaunchScreen.storyboard in Resources */ = {isa = PBXBuildFile; fileRef = 86B595682503DDD100041D1B /* LaunchScreen.storyboard */; };
		86B595752503DDD100041D1B /* RedditMateTests.swift in Sources */ = {isa = PBXBuildFile; fileRef = 86B595742503DDD100041D1B /* RedditMateTests.swift */; };
		86B595812503E40100041D1B /* HomePresenter.swift in Sources */ = {isa = PBXBuildFile; fileRef = 86B595802503E40100041D1B /* HomePresenter.swift */; };
		86B595842503E48700041D1B /* Post.swift in Sources */ = {isa = PBXBuildFile; fileRef = 86B595832503E48700041D1B /* Post.swift */; };
		86C902342507D87E00036B0C /* PostsCoordinator.swift in Sources */ = {isa = PBXBuildFile; fileRef = 86C902332507D87E00036B0C /* PostsCoordinator.swift */; };
		86FE54552505656300A4A120 /* PostsService.swift in Sources */ = {isa = PBXBuildFile; fileRef = 86FE54542505656300A4A120 /* PostsService.swift */; };
		86FE545725056ADB00A4A120 /* APIResponse.swift in Sources */ = {isa = PBXBuildFile; fileRef = 86FE545625056ADB00A4A120 /* APIResponse.swift */; };
/* End PBXBuildFile section */

/* Begin PBXContainerItemProxy section */
		86B595712503DDD100041D1B /* PBXContainerItemProxy */ = {
			isa = PBXContainerItemProxy;
			containerPortal = 86B5954F2503DDD000041D1B /* Project object */;
			proxyType = 1;
			remoteGlobalIDString = 86B595562503DDD000041D1B;
			remoteInfo = RedditMate;
		};
/* End PBXContainerItemProxy section */

/* Begin PBXFileReference section */
		861A7A5F2505C128000AFADA /* Double+Additions.swift */ = {isa = PBXFileReference; lastKnownFileType = sourcecode.swift; path = "Double+Additions.swift"; sourceTree = "<group>"; };
		861A7A622505C243000AFADA /* Date+Additions.swift */ = {isa = PBXFileReference; lastKnownFileType = sourcecode.swift; path = "Date+Additions.swift"; sourceTree = "<group>"; };
		861C54742507056500380DE5 /* Coordinator.swift */ = {isa = PBXFileReference; lastKnownFileType = sourcecode.swift; path = Coordinator.swift; sourceTree = "<group>"; };
		861C5476250705D800380DE5 /* Storyboarded.swift */ = {isa = PBXFileReference; lastKnownFileType = sourcecode.swift; path = Storyboarded.swift; sourceTree = "<group>"; };
		861C5478250710AF00380DE5 /* MainCoordinator.swift */ = {isa = PBXFileReference; lastKnownFileType = sourcecode.swift; path = MainCoordinator.swift; sourceTree = "<group>"; };
		861C547C2507150B00380DE5 /* PostDetailViewController.swift */ = {isa = PBXFileReference; lastKnownFileType = sourcecode.swift; path = PostDetailViewController.swift; sourceTree = "<group>"; };
		8637EE722504010D00D778F2 /* PostTableViewCell.swift */ = {isa = PBXFileReference; lastKnownFileType = sourcecode.swift; path = PostTableViewCell.swift; sourceTree = "<group>"; };
		8637EE732504010D00D778F2 /* PostTableViewCell.xib */ = {isa = PBXFileReference; lastKnownFileType = file.xib; path = PostTableViewCell.xib; sourceTree = "<group>"; };
		8637EE762504392F00D778F2 /* ImageFetcher.swift */ = {isa = PBXFileReference; lastKnownFileType = sourcecode.swift; path = ImageFetcher.swift; sourceTree = "<group>"; };
		863F743F2507FFAF001E69FC /* PostDetailPresenter.swift */ = {isa = PBXFileReference; lastKnownFileType = sourcecode.swift; path = PostDetailPresenter.swift; sourceTree = "<group>"; };
		863FFB4B25081E860020AE54 /* String+Additions.swift */ = {isa = PBXFileReference; lastKnownFileType = sourcecode.swift; path = "String+Additions.swift"; sourceTree = "<group>"; };
		863FFB4D25081F810020AE54 /* PostImage.swift */ = {isa = PBXFileReference; lastKnownFileType = sourcecode.swift; path = PostImage.swift; sourceTree = "<group>"; };
		863FFB4F25082BDF0020AE54 /* PostDetailView.swift */ = {isa = PBXFileReference; lastKnownFileType = sourcecode.swift; path = PostDetailView.swift; sourceTree = "<group>"; };
		863FFB5325083C1C0020AE54 /* SplitCoordinator.swift */ = {isa = PBXFileReference; lastKnownFileType = sourcecode.swift; path = SplitCoordinator.swift; sourceTree = "<group>"; };
		863FFB5525083DC90020AE54 /* SplitMainCoordinator.swift */ = {isa = PBXFileReference; lastKnownFileType = sourcecode.swift; path = SplitMainCoordinator.swift; sourceTree = "<group>"; };
		8657C9BD2503F368009AE4B0 /* HomeView.swift */ = {isa = PBXFileReference; lastKnownFileType = sourcecode.swift; path = HomeView.swift; sourceTree = "<group>"; };
		86B595572503DDD000041D1B /* RedditMate.app */ = {isa = PBXFileReference; explicitFileType = wrapper.application; includeInIndex = 0; path = RedditMate.app; sourceTree = BUILT_PRODUCTS_DIR; };
		86B5955A2503DDD000041D1B /* AppDelegate.swift */ = {isa = PBXFileReference; lastKnownFileType = sourcecode.swift; path = AppDelegate.swift; sourceTree = "<group>"; };
		86B5955C2503DDD000041D1B /* SceneDelegate.swift */ = {isa = PBXFileReference; lastKnownFileType = sourcecode.swift; path = SceneDelegate.swift; sourceTree = "<group>"; };
		86B5955E2503DDD000041D1B /* HomeViewController.swift */ = {isa = PBXFileReference; lastKnownFileType = sourcecode.swift; path = HomeViewController.swift; sourceTree = "<group>"; };
		86B595612503DDD000041D1B /* Base */ = {isa = PBXFileReference; lastKnownFileType = file.storyboard; name = Base; path = Base.lproj/Main.storyboard; sourceTree = "<group>"; };
		86B595642503DDD000041D1B /* RedditMate.xcdatamodel */ = {isa = PBXFileReference; lastKnownFileType = wrapper.xcdatamodel; path = RedditMate.xcdatamodel; sourceTree = "<group>"; };
		86B595662503DDD100041D1B /* Assets.xcassets */ = {isa = PBXFileReference; lastKnownFileType = folder.assetcatalog; path = Assets.xcassets; sourceTree = "<group>"; };
		86B595692503DDD100041D1B /* Base */ = {isa = PBXFileReference; lastKnownFileType = file.storyboard; name = Base; path = Base.lproj/LaunchScreen.storyboard; sourceTree = "<group>"; };
		86B5956B2503DDD100041D1B /* Info.plist */ = {isa = PBXFileReference; lastKnownFileType = text.plist.xml; path = Info.plist; sourceTree = "<group>"; };
		86B595702503DDD100041D1B /* RedditMateTests.xctest */ = {isa = PBXFileReference; explicitFileType = wrapper.cfbundle; includeInIndex = 0; path = RedditMateTests.xctest; sourceTree = BUILT_PRODUCTS_DIR; };
		86B595742503DDD100041D1B /* RedditMateTests.swift */ = {isa = PBXFileReference; lastKnownFileType = sourcecode.swift; path = RedditMateTests.swift; sourceTree = "<group>"; };
		86B595762503DDD100041D1B /* Info.plist */ = {isa = PBXFileReference; lastKnownFileType = text.plist.xml; path = Info.plist; sourceTree = "<group>"; };
		86B595802503E40100041D1B /* HomePresenter.swift */ = {isa = PBXFileReference; lastKnownFileType = sourcecode.swift; path = HomePresenter.swift; sourceTree = "<group>"; };
		86B595832503E48700041D1B /* Post.swift */ = {isa = PBXFileReference; lastKnownFileType = sourcecode.swift; path = Post.swift; sourceTree = "<group>"; };
		86C902332507D87E00036B0C /* PostsCoordinator.swift */ = {isa = PBXFileReference; lastKnownFileType = sourcecode.swift; path = PostsCoordinator.swift; sourceTree = "<group>"; };
		86FE54542505656300A4A120 /* PostsService.swift */ = {isa = PBXFileReference; lastKnownFileType = sourcecode.swift; path = PostsService.swift; sourceTree = "<group>"; };
		86FE545625056ADB00A4A120 /* APIResponse.swift */ = {isa = PBXFileReference; lastKnownFileType = sourcecode.swift; path = APIResponse.swift; sourceTree = "<group>"; };
/* End PBXFileReference section */

/* Begin PBXFrameworksBuildPhase section */
		86B595542503DDD000041D1B /* Frameworks */ = {
			isa = PBXFrameworksBuildPhase;
			buildActionMask = 2147483647;
			files = (
			);
			runOnlyForDeploymentPostprocessing = 0;
		};
		86B5956D2503DDD100041D1B /* Frameworks */ = {
			isa = PBXFrameworksBuildPhase;
			buildActionMask = 2147483647;
			files = (
			);
			runOnlyForDeploymentPostprocessing = 0;
		};
/* End PBXFrameworksBuildPhase section */

/* Begin PBXGroup section */
		861A7A612505C232000AFADA /* Extensions */ = {
			isa = PBXGroup;
			children = (
				861A7A5F2505C128000AFADA /* Double+Additions.swift */,
				861A7A622505C243000AFADA /* Date+Additions.swift */,
				863FFB4B25081E860020AE54 /* String+Additions.swift */,
			);
			path = Extensions;
			sourceTree = "<group>";
		};
		861C489C2508141B0033DE7B /* Networking */ = {
			isa = PBXGroup;
			children = (
				8637EE762504392F00D778F2 /* ImageFetcher.swift */,
			);
			path = Networking;
			sourceTree = "<group>";
		};
		8637EE71250400D200D778F2 /* PostCell */ = {
			isa = PBXGroup;
			children = (
				8637EE722504010D00D778F2 /* PostTableViewCell.swift */,
				8637EE732504010D00D778F2 /* PostTableViewCell.xib */,
			);
			path = PostCell;
			sourceTree = "<group>";
		};
		8637EE78250560E700D778F2 /* Resources */ = {
			isa = PBXGroup;
			children = (
				86B595602503DDD000041D1B /* Main.storyboard */,
				86B595662503DDD100041D1B /* Assets.xcassets */,
				86B595682503DDD100041D1B /* LaunchScreen.storyboard */,
			);
			path = Resources;
			sourceTree = "<group>";
		};
		8637EE7A2505617800D778F2 /* Model */ = {
			isa = PBXGroup;
			children = (
				86FE54542505656300A4A120 /* PostsService.swift */,
			);
			path = Model;
			sourceTree = "<group>";
		};
		863FFB51250839140020AE54 /* Presenter */ = {
			isa = PBXGroup;
			children = (
				863F743F2507FFAF001E69FC /* PostDetailPresenter.swift */,
			);
			path = Presenter;
			sourceTree = "<group>";
		};
		863FFB52250839220020AE54 /* View */ = {
			isa = PBXGroup;
			children = (
				861C547C2507150B00380DE5 /* PostDetailViewController.swift */,
				863FFB4F25082BDF0020AE54 /* PostDetailView.swift */,
			);
			path = View;
			sourceTree = "<group>";
		};
		8657C9BB2503F291009AE4B0 /* View */ = {
			isa = PBXGroup;
			children = (
				86B5955E2503DDD000041D1B /* HomeViewController.swift */,
				8657C9BD2503F368009AE4B0 /* HomeView.swift */,
				8637EE71250400D200D778F2 /* PostCell */,
			);
			path = View;
			sourceTree = "<group>";
		};
		8657C9BC2503F299009AE4B0 /* Presenter */ = {
			isa = PBXGroup;
			children = (
				86B595802503E40100041D1B /* HomePresenter.swift */,
			);
			path = Presenter;
			sourceTree = "<group>";
		};
		86B5954E2503DDD000041D1B = {
			isa = PBXGroup;
			children = (
				86B595592503DDD000041D1B /* RedditMate */,
				86B595732503DDD100041D1B /* RedditMateTests */,
				86B595582503DDD000041D1B /* Products */,
			);
			sourceTree = "<group>";
		};
		86B595582503DDD000041D1B /* Products */ = {
			isa = PBXGroup;
			children = (
				86B595572503DDD000041D1B /* RedditMate.app */,
				86B595702503DDD100041D1B /* RedditMateTests.xctest */,
			);
			name = Products;
			sourceTree = "<group>";
		};
		86B595592503DDD000041D1B /* RedditMate */ = {
			isa = PBXGroup;
			children = (
				86B5955A2503DDD000041D1B /* AppDelegate.swift */,
				86B5955C2503DDD000041D1B /* SceneDelegate.swift */,
				861C489C2508141B0033DE7B /* Networking */,
				86B5957F2503DF0E00041D1B /* Home */,
				86F6D4832507260700C280E8 /* PostDetail */,
				86B595822503E47400041D1B /* Models */,
				86F6D4842507261D00C280E8 /* Navigation */,
				861A7A612505C232000AFADA /* Extensions */,
				8637EE78250560E700D778F2 /* Resources */,
				86B595632503DDD000041D1B /* RedditMate.xcdatamodeld */,
				86B5956B2503DDD100041D1B /* Info.plist */,
			);
			path = RedditMate;
			sourceTree = "<group>";
		};
		86B595732503DDD100041D1B /* RedditMateTests */ = {
			isa = PBXGroup;
			children = (
				86B595742503DDD100041D1B /* RedditMateTests.swift */,
				86B595762503DDD100041D1B /* Info.plist */,
			);
			path = RedditMateTests;
			sourceTree = "<group>";
		};
		86B5957F2503DF0E00041D1B /* Home */ = {
			isa = PBXGroup;
			children = (
				8637EE7A2505617800D778F2 /* Model */,
				8657C9BB2503F291009AE4B0 /* View */,
				8657C9BC2503F299009AE4B0 /* Presenter */,
			);
			path = Home;
			sourceTree = "<group>";
		};
		86B595822503E47400041D1B /* Models */ = {
			isa = PBXGroup;
			children = (
				86FE545625056ADB00A4A120 /* APIResponse.swift */,
				86B595832503E48700041D1B /* Post.swift */,
				863FFB4D25081F810020AE54 /* PostImage.swift */,
			);
			path = Models;
			sourceTree = "<group>";
		};
		86F6D4832507260700C280E8 /* PostDetail */ = {
			isa = PBXGroup;
			children = (
				863FFB52250839220020AE54 /* View */,
				863FFB51250839140020AE54 /* Presenter */,
			);
			path = PostDetail;
			sourceTree = "<group>";
		};
		86F6D4842507261D00C280E8 /* Navigation */ = {
			isa = PBXGroup;
			children = (
				861C5476250705D800380DE5 /* Storyboarded.swift */,
				86F6D4852507263200C280E8 /* Coordinators */,
			);
			path = Navigation;
			sourceTree = "<group>";
		};
		86F6D4852507263200C280E8 /* Coordinators */ = {
			isa = PBXGroup;
			children = (
				863FFB5325083C1C0020AE54 /* SplitCoordinator.swift */,
				861C54742507056500380DE5 /* Coordinator.swift */,
				86C902332507D87E00036B0C /* PostsCoordinator.swift */,
				861C5478250710AF00380DE5 /* MainCoordinator.swift */,
				863FFB5525083DC90020AE54 /* SplitMainCoordinator.swift */,
			);
			path = Coordinators;
			sourceTree = "<group>";
		};
/* End PBXGroup section */

/* Begin PBXNativeTarget section */
		86B595562503DDD000041D1B /* RedditMate */ = {
			isa = PBXNativeTarget;
			buildConfigurationList = 86B595792503DDD100041D1B /* Build configuration list for PBXNativeTarget "RedditMate" */;
			buildPhases = (
				86B595532503DDD000041D1B /* Sources */,
				86B595542503DDD000041D1B /* Frameworks */,
				86B595552503DDD000041D1B /* Resources */,
			);
			buildRules = (
			);
			dependencies = (
			);
			name = RedditMate;
			productName = RedditMate;
			productReference = 86B595572503DDD000041D1B /* RedditMate.app */;
			productType = "com.apple.product-type.application";
		};
		86B5956F2503DDD100041D1B /* RedditMateTests */ = {
			isa = PBXNativeTarget;
			buildConfigurationList = 86B5957C2503DDD100041D1B /* Build configuration list for PBXNativeTarget "RedditMateTests" */;
			buildPhases = (
				86B5956C2503DDD100041D1B /* Sources */,
				86B5956D2503DDD100041D1B /* Frameworks */,
				86B5956E2503DDD100041D1B /* Resources */,
			);
			buildRules = (
			);
			dependencies = (
				86B595722503DDD100041D1B /* PBXTargetDependency */,
			);
			name = RedditMateTests;
			productName = RedditMateTests;
			productReference = 86B595702503DDD100041D1B /* RedditMateTests.xctest */;
			productType = "com.apple.product-type.bundle.unit-test";
		};
/* End PBXNativeTarget section */

/* Begin PBXProject section */
		86B5954F2503DDD000041D1B /* Project object */ = {
			isa = PBXProject;
			attributes = {
				LastSwiftUpdateCheck = 1160;
				LastUpgradeCheck = 1160;
				ORGANIZATIONNAME = "Samuel Sainz";
				TargetAttributes = {
					86B595562503DDD000041D1B = {
						CreatedOnToolsVersion = 11.6;
					};
					86B5956F2503DDD100041D1B = {
						CreatedOnToolsVersion = 11.6;
						TestTargetID = 86B595562503DDD000041D1B;
					};
				};
			};
			buildConfigurationList = 86B595522503DDD000041D1B /* Build configuration list for PBXProject "RedditMate" */;
			compatibilityVersion = "Xcode 9.3";
			developmentRegion = en;
			hasScannedForEncodings = 0;
			knownRegions = (
				en,
				Base,
			);
			mainGroup = 86B5954E2503DDD000041D1B;
			productRefGroup = 86B595582503DDD000041D1B /* Products */;
			projectDirPath = "";
			projectRoot = "";
			targets = (
				86B595562503DDD000041D1B /* RedditMate */,
				86B5956F2503DDD100041D1B /* RedditMateTests */,
			);
		};
/* End PBXProject section */

/* Begin PBXResourcesBuildPhase section */
		86B595552503DDD000041D1B /* Resources */ = {
			isa = PBXResourcesBuildPhase;
			buildActionMask = 2147483647;
			files = (
				8637EE752504010D00D778F2 /* PostTableViewCell.xib in Resources */,
				86B5956A2503DDD100041D1B /* LaunchScreen.storyboard in Resources */,
				86B595672503DDD100041D1B /* Assets.xcassets in Resources */,
				86B595622503DDD000041D1B /* Main.storyboard in Resources */,
			);
			runOnlyForDeploymentPostprocessing = 0;
		};
		86B5956E2503DDD100041D1B /* Resources */ = {
			isa = PBXResourcesBuildPhase;
			buildActionMask = 2147483647;
			files = (
			);
			runOnlyForDeploymentPostprocessing = 0;
		};
/* End PBXResourcesBuildPhase section */

/* Begin PBXSourcesBuildPhase section */
		86B595532503DDD000041D1B /* Sources */ = {
			isa = PBXSourcesBuildPhase;
			buildActionMask = 2147483647;
			files = (
				863F74402507FFAF001E69FC /* PostDetailPresenter.swift in Sources */,
				86B5955F2503DDD000041D1B /* HomeViewController.swift in Sources */,
				863FFB5625083DC90020AE54 /* SplitMainCoordinator.swift in Sources */,
				8657C9BE2503F368009AE4B0 /* HomeView.swift in Sources */,
				861C547D2507150B00380DE5 /* PostDetailViewController.swift in Sources */,
				861C5477250705D800380DE5 /* Storyboarded.swift in Sources */,
				863FFB4E25081F810020AE54 /* PostImage.swift in Sources */,
				861A7A602505C128000AFADA /* Double+Additions.swift in Sources */,
				863FFB4C25081E860020AE54 /* String+Additions.swift in Sources */,
				861A7A632505C243000AFADA /* Date+Additions.swift in Sources */,
				86C902342507D87E00036B0C /* PostsCoordinator.swift in Sources */,
				86FE54552505656300A4A120 /* PostsService.swift in Sources */,
				863FFB5025082BDF0020AE54 /* PostDetailView.swift in Sources */,
				86B5955B2503DDD000041D1B /* AppDelegate.swift in Sources */,
				861C54752507056500380DE5 /* Coordinator.swift in Sources */,
				8637EE772504392F00D778F2 /* ImageFetcher.swift in Sources */,
				861C5479250710AF00380DE5 /* MainCoordinator.swift in Sources */,
				86FE545725056ADB00A4A120 /* APIResponse.swift in Sources */,
				86B595652503DDD000041D1B /* RedditMate.xcdatamodeld in Sources */,
				8637EE742504010D00D778F2 /* PostTableViewCell.swift in Sources */,
				863FFB5425083C1C0020AE54 /* SplitCoordinator.swift in Sources */,
				86B595812503E40100041D1B /* HomePresenter.swift in Sources */,
				86B595842503E48700041D1B /* Post.swift in Sources */,
				86B5955D2503DDD000041D1B /* SceneDelegate.swift in Sources */,
			);
			runOnlyForDeploymentPostprocessing = 0;
		};
		86B5956C2503DDD100041D1B /* Sources */ = {
			isa = PBXSourcesBuildPhase;
			buildActionMask = 2147483647;
			files = (
				86B595752503DDD100041D1B /* RedditMateTests.swift in Sources */,
			);
			runOnlyForDeploymentPostprocessing = 0;
		};
/* End PBXSourcesBuildPhase section */

/* Begin PBXTargetDependency section */
		86B595722503DDD100041D1B /* PBXTargetDependency */ = {
			isa = PBXTargetDependency;
			target = 86B595562503DDD000041D1B /* RedditMate */;
			targetProxy = 86B595712503DDD100041D1B /* PBXContainerItemProxy */;
		};
/* End PBXTargetDependency section */

/* Begin PBXVariantGroup section */
		86B595602503DDD000041D1B /* Main.storyboard */ = {
			isa = PBXVariantGroup;
			children = (
				86B595612503DDD000041D1B /* Base */,
			);
			name = Main.storyboard;
			sourceTree = "<group>";
		};
		86B595682503DDD100041D1B /* LaunchScreen.storyboard */ = {
			isa = PBXVariantGroup;
			children = (
				86B595692503DDD100041D1B /* Base */,
			);
			name = LaunchScreen.storyboard;
			sourceTree = "<group>";
		};
/* End PBXVariantGroup section */

/* Begin XCBuildConfiguration section */
		86B595772503DDD100041D1B /* Debug */ = {
			isa = XCBuildConfiguration;
			buildSettings = {
				ALWAYS_SEARCH_USER_PATHS = NO;
				CLANG_ANALYZER_NONNULL = YES;
				CLANG_ANALYZER_NUMBER_OBJECT_CONVERSION = YES_AGGRESSIVE;
				CLANG_CXX_LANGUAGE_STANDARD = "gnu++14";
				CLANG_CXX_LIBRARY = "libc++";
				CLANG_ENABLE_MODULES = YES;
				CLANG_ENABLE_OBJC_ARC = YES;
				CLANG_ENABLE_OBJC_WEAK = YES;
				CLANG_WARN_BLOCK_CAPTURE_AUTORELEASING = YES;
				CLANG_WARN_BOOL_CONVERSION = YES;
				CLANG_WARN_COMMA = YES;
				CLANG_WARN_CONSTANT_CONVERSION = YES;
				CLANG_WARN_DEPRECATED_OBJC_IMPLEMENTATIONS = YES;
				CLANG_WARN_DIRECT_OBJC_ISA_USAGE = YES_ERROR;
				CLANG_WARN_DOCUMENTATION_COMMENTS = YES;
				CLANG_WARN_EMPTY_BODY = YES;
				CLANG_WARN_ENUM_CONVERSION = YES;
				CLANG_WARN_INFINITE_RECURSION = YES;
				CLANG_WARN_INT_CONVERSION = YES;
				CLANG_WARN_NON_LITERAL_NULL_CONVERSION = YES;
				CLANG_WARN_OBJC_IMPLICIT_RETAIN_SELF = YES;
				CLANG_WARN_OBJC_LITERAL_CONVERSION = YES;
				CLANG_WARN_OBJC_ROOT_CLASS = YES_ERROR;
				CLANG_WARN_RANGE_LOOP_ANALYSIS = YES;
				CLANG_WARN_STRICT_PROTOTYPES = YES;
				CLANG_WARN_SUSPICIOUS_MOVE = YES;
				CLANG_WARN_UNGUARDED_AVAILABILITY = YES_AGGRESSIVE;
				CLANG_WARN_UNREACHABLE_CODE = YES;
				CLANG_WARN__DUPLICATE_METHOD_MATCH = YES;
				COPY_PHASE_STRIP = NO;
				DEBUG_INFORMATION_FORMAT = dwarf;
				ENABLE_STRICT_OBJC_MSGSEND = YES;
				ENABLE_TESTABILITY = YES;
				GCC_C_LANGUAGE_STANDARD = gnu11;
				GCC_DYNAMIC_NO_PIC = NO;
				GCC_NO_COMMON_BLOCKS = YES;
				GCC_OPTIMIZATION_LEVEL = 0;
				GCC_PREPROCESSOR_DEFINITIONS = (
					"DEBUG=1",
					"$(inherited)",
				);
				GCC_WARN_64_TO_32_BIT_CONVERSION = YES;
				GCC_WARN_ABOUT_RETURN_TYPE = YES_ERROR;
				GCC_WARN_UNDECLARED_SELECTOR = YES;
				GCC_WARN_UNINITIALIZED_AUTOS = YES_AGGRESSIVE;
				GCC_WARN_UNUSED_FUNCTION = YES;
				GCC_WARN_UNUSED_VARIABLE = YES;
				IPHONEOS_DEPLOYMENT_TARGET = 13.6;
				MTL_ENABLE_DEBUG_INFO = INCLUDE_SOURCE;
				MTL_FAST_MATH = YES;
				ONLY_ACTIVE_ARCH = YES;
				SDKROOT = iphoneos;
				SWIFT_ACTIVE_COMPILATION_CONDITIONS = DEBUG;
				SWIFT_OPTIMIZATION_LEVEL = "-Onone";
			};
			name = Debug;
		};
		86B595782503DDD100041D1B /* Release */ = {
			isa = XCBuildConfiguration;
			buildSettings = {
				ALWAYS_SEARCH_USER_PATHS = NO;
				CLANG_ANALYZER_NONNULL = YES;
				CLANG_ANALYZER_NUMBER_OBJECT_CONVERSION = YES_AGGRESSIVE;
				CLANG_CXX_LANGUAGE_STANDARD = "gnu++14";
				CLANG_CXX_LIBRARY = "libc++";
				CLANG_ENABLE_MODULES = YES;
				CLANG_ENABLE_OBJC_ARC = YES;
				CLANG_ENABLE_OBJC_WEAK = YES;
				CLANG_WARN_BLOCK_CAPTURE_AUTORELEASING = YES;
				CLANG_WARN_BOOL_CONVERSION = YES;
				CLANG_WARN_COMMA = YES;
				CLANG_WARN_CONSTANT_CONVERSION = YES;
				CLANG_WARN_DEPRECATED_OBJC_IMPLEMENTATIONS = YES;
				CLANG_WARN_DIRECT_OBJC_ISA_USAGE = YES_ERROR;
				CLANG_WARN_DOCUMENTATION_COMMENTS = YES;
				CLANG_WARN_EMPTY_BODY = YES;
				CLANG_WARN_ENUM_CONVERSION = YES;
				CLANG_WARN_INFINITE_RECURSION = YES;
				CLANG_WARN_INT_CONVERSION = YES;
				CLANG_WARN_NON_LITERAL_NULL_CONVERSION = YES;
				CLANG_WARN_OBJC_IMPLICIT_RETAIN_SELF = YES;
				CLANG_WARN_OBJC_LITERAL_CONVERSION = YES;
				CLANG_WARN_OBJC_ROOT_CLASS = YES_ERROR;
				CLANG_WARN_RANGE_LOOP_ANALYSIS = YES;
				CLANG_WARN_STRICT_PROTOTYPES = YES;
				CLANG_WARN_SUSPICIOUS_MOVE = YES;
				CLANG_WARN_UNGUARDED_AVAILABILITY = YES_AGGRESSIVE;
				CLANG_WARN_UNREACHABLE_CODE = YES;
				CLANG_WARN__DUPLICATE_METHOD_MATCH = YES;
				COPY_PHASE_STRIP = NO;
				DEBUG_INFORMATION_FORMAT = "dwarf-with-dsym";
				ENABLE_NS_ASSERTIONS = NO;
				ENABLE_STRICT_OBJC_MSGSEND = YES;
				GCC_C_LANGUAGE_STANDARD = gnu11;
				GCC_NO_COMMON_BLOCKS = YES;
				GCC_WARN_64_TO_32_BIT_CONVERSION = YES;
				GCC_WARN_ABOUT_RETURN_TYPE = YES_ERROR;
				GCC_WARN_UNDECLARED_SELECTOR = YES;
				GCC_WARN_UNINITIALIZED_AUTOS = YES_AGGRESSIVE;
				GCC_WARN_UNUSED_FUNCTION = YES;
				GCC_WARN_UNUSED_VARIABLE = YES;
				IPHONEOS_DEPLOYMENT_TARGET = 13.6;
				MTL_ENABLE_DEBUG_INFO = NO;
				MTL_FAST_MATH = YES;
				SDKROOT = iphoneos;
				SWIFT_COMPILATION_MODE = wholemodule;
				SWIFT_OPTIMIZATION_LEVEL = "-O";
				VALIDATE_PRODUCT = YES;
			};
			name = Release;
		};
		86B5957A2503DDD100041D1B /* Debug */ = {
			isa = XCBuildConfiguration;
			buildSettings = {
				ASSETCATALOG_COMPILER_APPICON_NAME = AppIcon;
				CODE_SIGN_STYLE = Automatic;
				DEVELOPMENT_TEAM = TYZX87YB23;
				INFOPLIST_FILE = RedditMate/Info.plist;
				IPHONEOS_DEPLOYMENT_TARGET = 13.6;
				LD_RUNPATH_SEARCH_PATHS = (
					"$(inherited)",
					"@executable_path/Frameworks",
				);
				PRODUCT_BUNDLE_IDENTIFIER = com.samuelsainz.RedditMate;
				PRODUCT_NAME = "$(TARGET_NAME)";
				SWIFT_VERSION = 5.0;
				TARGETED_DEVICE_FAMILY = "1,2";
			};
			name = Debug;
		};
		86B5957B2503DDD100041D1B /* Release */ = {
			isa = XCBuildConfiguration;
			buildSettings = {
				ASSETCATALOG_COMPILER_APPICON_NAME = AppIcon;
				CODE_SIGN_STYLE = Automatic;
				DEVELOPMENT_TEAM = TYZX87YB23;
				INFOPLIST_FILE = RedditMate/Info.plist;
				IPHONEOS_DEPLOYMENT_TARGET = 13.6;
				LD_RUNPATH_SEARCH_PATHS = (
					"$(inherited)",
					"@executable_path/Frameworks",
				);
				PRODUCT_BUNDLE_IDENTIFIER = com.samuelsainz.RedditMate;
				PRODUCT_NAME = "$(TARGET_NAME)";
				SWIFT_VERSION = 5.0;
				TARGETED_DEVICE_FAMILY = "1,2";
			};
			name = Release;
		};
		86B5957D2503DDD100041D1B /* Debug */ = {
			isa = XCBuildConfiguration;
			buildSettings = {
				ALWAYS_EMBED_SWIFT_STANDARD_LIBRARIES = YES;
				BUNDLE_LOADER = "$(TEST_HOST)";
				CODE_SIGN_STYLE = Automatic;
				DEVELOPMENT_TEAM = TYZX87YB23;
				INFOPLIST_FILE = RedditMateTests/Info.plist;
				IPHONEOS_DEPLOYMENT_TARGET = 13.6;
				LD_RUNPATH_SEARCH_PATHS = (
					"$(inherited)",
					"@executable_path/Frameworks",
					"@loader_path/Frameworks",
				);
				PRODUCT_BUNDLE_IDENTIFIER = com.samuelsainz.RedditMateTests;
				PRODUCT_NAME = "$(TARGET_NAME)";
				SWIFT_VERSION = 5.0;
				TARGETED_DEVICE_FAMILY = "1,2";
				TEST_HOST = "$(BUILT_PRODUCTS_DIR)/RedditMate.app/RedditMate";
			};
			name = Debug;
		};
		86B5957E2503DDD100041D1B /* Release */ = {
			isa = XCBuildConfiguration;
			buildSettings = {
				ALWAYS_EMBED_SWIFT_STANDARD_LIBRARIES = YES;
				BUNDLE_LOADER = "$(TEST_HOST)";
				CODE_SIGN_STYLE = Automatic;
				DEVELOPMENT_TEAM = TYZX87YB23;
				INFOPLIST_FILE = RedditMateTests/Info.plist;
				IPHONEOS_DEPLOYMENT_TARGET = 13.6;
				LD_RUNPATH_SEARCH_PATHS = (
					"$(inherited)",
					"@executable_path/Frameworks",
					"@loader_path/Frameworks",
				);
				PRODUCT_BUNDLE_IDENTIFIER = com.samuelsainz.RedditMateTests;
				PRODUCT_NAME = "$(TARGET_NAME)";
				SWIFT_VERSION = 5.0;
				TARGETED_DEVICE_FAMILY = "1,2";
				TEST_HOST = "$(BUILT_PRODUCTS_DIR)/RedditMate.app/RedditMate";
			};
			name = Release;
		};
/* End XCBuildConfiguration section */

/* Begin XCConfigurationList section */
		86B595522503DDD000041D1B /* Build configuration list for PBXProject "RedditMate" */ = {
			isa = XCConfigurationList;
			buildConfigurations = (
				86B595772503DDD100041D1B /* Debug */,
				86B595782503DDD100041D1B /* Release */,
			);
			defaultConfigurationIsVisible = 0;
			defaultConfigurationName = Release;
		};
		86B595792503DDD100041D1B /* Build configuration list for PBXNativeTarget "RedditMate" */ = {
			isa = XCConfigurationList;
			buildConfigurations = (
				86B5957A2503DDD100041D1B /* Debug */,
				86B5957B2503DDD100041D1B /* Release */,
			);
			defaultConfigurationIsVisible = 0;
			defaultConfigurationName = Release;
		};
		86B5957C2503DDD100041D1B /* Build configuration list for PBXNativeTarget "RedditMateTests" */ = {
			isa = XCConfigurationList;
			buildConfigurations = (
				86B5957D2503DDD100041D1B /* Debug */,
				86B5957E2503DDD100041D1B /* Release */,
			);
			defaultConfigurationIsVisible = 0;
			defaultConfigurationName = Release;
		};
/* End XCConfigurationList section */

/* Begin XCVersionGroup section */
		86B595632503DDD000041D1B /* RedditMate.xcdatamodeld */ = {
			isa = XCVersionGroup;
			children = (
				86B595642503DDD000041D1B /* RedditMate.xcdatamodel */,
			);
			currentVersion = 86B595642503DDD000041D1B /* RedditMate.xcdatamodel */;
			path = RedditMate.xcdatamodeld;
			sourceTree = "<group>";
			versionGroupType = wrapper.xcdatamodel;
		};
/* End XCVersionGroup section */
	};
	rootObject = 86B5954F2503DDD000041D1B /* Project object */;
}
